<Solution>
  <Folder Name="/src/">
    <Project Path="src/CromoBound.Client/CromoBound.Client.csproj" />
    <Project Path="src/CromoBound.Contracts/CromoBound.Contracts.csproj" />
    <Project Path="src/CromoBound.Data/CromoBound.Data.csproj" />
    <Project Path="src/CromoBound.Engine/CromoBound.Engine.csproj" />
    <Project Path="src/CromoBound.Models/CromoBound.Models.csproj" />
    <Project Path="src/CromoBound.Server/CromoBound.Server.csproj" />
  </Folder>
  <Folder Name="/tests/">
    <Project Path="tests/CromoBound.Engine.Tests/CromoBound.Engine.Tests.csproj" />
    <Project Path="tests/CromoBound.Models.Tests/CromoBound.Models.Tests.csproj" />
    <Project Path="tests/CromoBound.Server.Tests/CromoBound.Server.Tests.csproj" />
  </Folder>
  <Folder Name="/tools/">
    <Project Path="tools/CromoBound.Importer/CromoBound.Importer.csproj" />
  </Folder>
</Solution>
